<?xml version="1.0" encoding="utf-8"?>
<Project ToolsVersion="4.0" xmlns="http://schemas.microsoft.com/developer/msbuild/2003">
  <ItemGroup>
    <Filter Include="Source files">
      <UniqueIdentifier>{51fd4e28-a14c-4a5c-b32f-61ed0b88645d}</UniqueIdentifier>
      <Extensions>cpp;c;cc;cxx;def;odl;idl;hpj;bat;asm;asmx</Extensions>
    </Filter>
    <Filter Include="Header files">
      <UniqueIdentifier>{58336737-3300-4584-9cc1-06f4067cc61c}</UniqueIdentifier>
      <Extensions>h;hpp;hxx;hm;inl;inc;xsd</Extensions>
    </Filter>
    <Filter Include="Resource files">
      <UniqueIdentifier>{2cd35b17-cd46-4d17-88b7-0a2b7455c15d}</UniqueIdentifier>
      <Extensions>rc;ico;cur;bmp;dlg;rc2;rct;bin;rgs;gif;jpg;jpeg;jpe;resx;tiff;tif;png;wav</Extensions>
    </Filter>
    <Filter Include="Make files">
      <UniqueIdentifier>{cc78c3f0-42af-4834-bd69-ed4d2789cf36}</UniqueIdentifier>
    </Filter>
    <Filter Include="VisualGDB settings">
      <UniqueIdentifier>{e2a79872-7920-49bf-9eca-77293e6581ca}</UniqueIdentifier>
    </Filter>
  </ItemGroup>
  <ItemGroup>
    <ClCompile Include="swconfig.c">
      <Filter>Source files</Filter>
    </ClCompile>
    <None Include="debug.mak">
      <Filter>Make files</Filter>
    </None>
    <None Include="release.mak">
      <Filter>Make files</Filter>
    </None>
    <None Include="swconfig-Debug.vgdbsettings">
      <Filter>VisualGDB settings</Filter>
    </None>
    <None Include="swconfig-Release.vgdbsettings">
      <Filter>VisualGDB settings</Filter>
    </None>
    <ClCompile Include="iutils\source\icall.c">
      <Filter>Source files</Filter>
    </ClCompile>
    <ClCompile Include="iutils\source\icall_ut.c">
      <Filter>Source files</Filter>
    </ClCompile>
    <ClCompile Include="iutils\source\ielf.c">
      <Filter>Source files</Filter>
    </ClCompile>
    <ClCompile Include="iutils\source\ihash.c">
      <Filter>Source files</Filter>
    </ClCompile>
    <ClCompile Include="iutils\source\ilog.c">
      <Filter>Source files</Filter>
    </ClCompile>
    <ClCompile Include="iutils\source\inet.c">
      <Filter>Source files</Filter>
    </ClCompile>
    <ClCompile Include="iutils\source\irpc.c">
      <Filter>Source files</Filter>
    </ClCompile>
    <ClCompile Include="iutils\source\iutil.c">
      <Filter>Source files</Filter>
    </ClCompile>
    <ClCompile Include="iutils\source\iutil_ut.c">
      <Filter>Source files</Filter>
    </ClCompile>
    <ClCompile Include="iutils\source\libvector.c">
      <Filter>Source files</Filter>
    </ClCompile>
    <ClCompile Include="iutils\source\person.c">
      <Filter>Source files</Filter>
    </ClCompile>
    <ClCompile Include="iutils\source\rpc_icall.c">
      <Filter>Source files</Filter>
    </ClCompile>
    <ClCompile Include="iutils\source\test_libvector.c">
      <Filter>Source files</Filter>
    </ClCompile>
    <ClCompile Include="iutils\source\utest.c">
      <Filter>Source files</Filter>
    </ClCompile>
    <ClCompile Include="json\cJSON.c">
      <Filter>Source files</Filter>
    </ClCompile>
    <ClCompile Include="json\s2j.c">
      <Filter>Source files</Filter>
    </ClCompile>
    <ClCompile Include="json\s2j_ut.c">
      <Filter>Source files</Filter>
    </ClCompile>
    <ClCompile Include="lib\rtl8367c\acl.c">
      <Filter>Source files</Filter>
    </ClCompile>
    <ClCompile Include="lib\rtl8367c\cpu.c">
      <Filter>Source files</Filter>
    </ClCompile>
    <ClCompile Include="lib\rtl8367c\dot1x.c">
      <Filter>Source files</Filter>
    </ClCompile>
    <ClCompile Include="lib\rtl8367c\eee.c">
      <Filter>Source files</Filter>
    </ClCompile>
    <ClCompile Include="lib\rtl8367c\i2c.c">
      <Filter>Source files</Filter>
    </ClCompile>
    <ClCompile Include="lib\rtl8367c\igmp.c">
      <Filter>Source files</Filter>
    </ClCompile>
    <ClCompile Include="lib\rtl8367c\interrupt.c">
      <Filter>Source files</Filter>
    </ClCompile>
    <ClCompile Include="lib\rtl8367c\l2.c">
      <Filter>Source files</Filter>
    </ClCompile>
    <ClCompile Include="lib\rtl8367c\leaky.c">
      <Filter>Source files</Filter>
    </ClCompile>
    <ClCompile Include="lib\rtl8367c\led.c">
      <Filter>Source files</Filter>
    </ClCompile>
    <ClCompile Include="lib\rtl8367c\mirror.c">
      <Filter>Source files</Filter>
    </ClCompile>
    <ClCompile Include="lib\rtl8367c\oam.c">
      <Filter>Source files</Filter>
    </ClCompile>
    <ClCompile Include="lib\rtl8367c\port.c">
      <Filter>Source files</Filter>
    </ClCompile>
    <ClCompile Include="lib\rtl8367c\ptp.c">
      <Filter>Source files</Filter>
    </ClCompile>
    <ClCompile Include="lib\rtl8367c\qos.c">
      <Filter>Source files</Filter>
    </ClCompile>
    <ClCompile Include="lib\rtl8367c\rate.c">
      <Filter>Source files</Filter>
    </ClCompile>
    <ClCompile Include="lib\rtl8367c\rldp.c">
      <Filter>Source files</Filter>
    </ClCompile>
    <ClCompile Include="lib\rtl8367c\rtk_switch.c">
      <Filter>Source files</Filter>
    </ClCompile>
    <ClCompile Include="lib\rtl8367c\rtl8367c_asicdrv.c">
      <Filter>Source files</Filter>
    </ClCompile>
    <ClCompile Include="lib\rtl8367c\rtl8367c_asicdrv_acl.c">
      <Filter>Source files</Filter>
    </ClCompile>
    <ClCompile Include="lib\rtl8367c\rtl8367c_asicdrv_cputag.c">
      <Filter>Source files</Filter>
    </ClCompile>
    <ClCompile Include="lib\rtl8367c\rtl8367c_asicdrv_dot1x.c">
      <Filter>Source files</Filter>
    </ClCompile>
    <ClCompile Include="lib\rtl8367c\rtl8367c_asicdrv_eav.c">
      <Filter>Source files</Filter>
    </ClCompile>
    <ClCompile Include="lib\rtl8367c\rtl8367c_asicdrv_eee.c">
      <Filter>Source files</Filter>
    </ClCompile>
    <ClCompile Include="lib\rtl8367c\rtl8367c_asicdrv_fc.c">
      <Filter>Source files</Filter>
    </ClCompile>
    <ClCompile Include="lib\rtl8367c\rtl8367c_asicdrv_green.c">
      <Filter>Source files</Filter>
    </ClCompile>
    <ClCompile Include="lib\rtl8367c\rtl8367c_asicdrv_hsb.c">
      <Filter>Source files</Filter>
    </ClCompile>
    <ClCompile Include="lib\rtl8367c\rtl8367c_asicdrv_i2c.c">
      <Filter>Source files</Filter>
    </ClCompile>
    <ClCompile Include="lib\rtl8367c\rtl8367c_asicdrv_igmp.c">
      <Filter>Source files</Filter>
    </ClCompile>
    <ClCompile Include="lib\rtl8367c\rtl8367c_asicdrv_inbwctrl.c">
      <Filter>Source files</Filter>
    </ClCompile>
    <ClCompile Include="lib\rtl8367c\rtl8367c_asicdrv_interrupt.c">
      <Filter>Source files</Filter>
    </ClCompile>
    <ClCompile Include="lib\rtl8367c\rtl8367c_asicdrv_led.c">
      <Filter>Source files</Filter>
    </ClCompile>
    <ClCompile Include="lib\rtl8367c\rtl8367c_asicdrv_lut.c">
      <Filter>Source files</Filter>
    </ClCompile>
    <ClCompile Include="lib\rtl8367c\rtl8367c_asicdrv_meter.c">
      <Filter>Source files</Filter>
    </ClCompile>
    <ClCompile Include="lib\rtl8367c\rtl8367c_asicdrv_mib.c">
      <Filter>Source files</Filter>
    </ClCompile>
    <ClCompile Include="lib\rtl8367c\rtl8367c_asicdrv_mirror.c">
      <Filter>Source files</Filter>
    </ClCompile>
    <ClCompile Include="lib\rtl8367c\rtl8367c_asicdrv_misc.c">
      <Filter>Source files</Filter>
    </ClCompile>
    <ClCompile Include="lib\rtl8367c\rtl8367c_asicdrv_oam.c">
      <Filter>Source files</Filter>
    </ClCompile>
    <ClCompile Include="lib\rtl8367c\rtl8367c_asicdrv_phy.c">
      <Filter>Source files</Filter>
    </ClCompile>
    <ClCompile Include="lib\rtl8367c\rtl8367c_asicdrv_port.c">
      <Filter>Source files</Filter>
    </ClCompile>
    <ClCompile Include="lib\rtl8367c\rtl8367c_asicdrv_portIsolation.c">
      <Filter>Source files</Filter>
    </ClCompile>
    <ClCompile Include="lib\rtl8367c\rtl8367c_asicdrv_qos.c">
      <Filter>Source files</Filter>
    </ClCompile>
    <ClCompile Include="lib\rtl8367c\rtl8367c_asicdrv_rldp.c">
      <Filter>Source files</Filter>
    </ClCompile>
    <ClCompile Include="lib\rtl8367c\rtl8367c_asicdrv_rma.c">
      <Filter>Source files</Filter>
    </ClCompile>
    <ClCompile Include="lib\rtl8367c\rtl8367c_asicdrv_scheduling.c">
      <Filter>Source files</Filter>
    </ClCompile>
    <ClCompile Include="lib\rtl8367c\rtl8367c_asicdrv_storm.c">
      <Filter>Source files</Filter>
    </ClCompile>
    <ClCompile Include="lib\rtl8367c\rtl8367c_asicdrv_svlan.c">
      <Filter>Source files</Filter>
    </ClCompile>
    <ClCompile Include="lib\rtl8367c\rtl8367c_asicdrv_trunking.c">
      <Filter>Source files</Filter>
    </ClCompile>
    <ClCompile Include="lib\rtl8367c\rtl8367c_asicdrv_unknownMulticast.c">
      <Filter>Source files</Filter>
    </ClCompile>
    <ClCompile Include="lib\rtl8367c\rtl8367c_asicdrv_vlan.c">
      <Filter>Source files</Filter>
    </ClCompile>
    <ClCompile Include="lib\rtl8367c\smi.c">
      <Filter>Source files</Filter>
    </ClCompile>
    <ClCompile Include="lib\rtl8367c\stat.c">
      <Filter>Source files</Filter>
    </ClCompile>
    <ClCompile Include="lib\rtl8367c\storm.c">
      <Filter>Source files</Filter>
    </ClCompile>
    <ClCompile Include="lib\rtl8367c\svlan.c">
      <Filter>Source files</Filter>
    </ClCompile>
    <ClCompile Include="lib\rtl8367c\trap.c">
      <Filter>Source files</Filter>
    </ClCompile>
    <ClCompile Include="lib\rtl8367c\trunk.c">
      <Filter>Source files</Filter>
    </ClCompile>
    <ClCompile Include="lib\rtl8367c\vlan.c">
      <Filter>Source files</Filter>
    </ClCompile>
  </ItemGroup>
  <ItemGroup>
    <ClInclude Include="includes\acl.h">
      <Filter>Header files</Filter>
    </ClInclude>
    <ClInclude Include="includes\cpu.h">
      <Filter>Header files</Filter>
    </ClInclude>
    <ClInclude Include="includes\dot1x.h">
      <Filter>Header files</Filter>
    </ClInclude>
    <ClInclude Include="includes\eee.h">
      <Filter>Header files</Filter>
    </ClInclude>
    <ClInclude Include="includes\i2c.h">
      <Filter>Header files</Filter>
    </ClInclude>
    <ClInclude Include="includes\igmp.h">
      <Filter>Header files</Filter>
    </ClInclude>
    <ClInclude Include="includes\interrupt.h">
      <Filter>Header files</Filter>
    </ClInclude>
    <ClInclude Include="includes\l2.h">
      <Filter>Header files</Filter>
    </ClInclude>
    <ClInclude Include="includes\leaky.h">
      <Filter>Header files</Filter>
    </ClInclude>
    <ClInclude Include="includes\led.h">
      <Filter>Header files</Filter>
    </ClInclude>
    <ClInclude Include="includes\mirror.h">
      <Filter>Header files</Filter>
    </ClInclude>
    <ClInclude Include="includes\oam.h">
      <Filter>Header files</Filter>
    </ClInclude>
    <ClInclude Include="includes\port.h">
      <Filter>Header files</Filter>
    </ClInclude>
    <ClInclude Include="includes\ptp.h">
      <Filter>Header files</Filter>
    </ClInclude>
    <ClInclude Include="includes\qos.h">
      <Filter>Header files</Filter>
    </ClInclude>
    <ClInclude Include="includes\rate.h">
      <Filter>Header files</Filter>
    </ClInclude>
    <ClInclude Include="includes\rldp.h">
      <Filter>Header files</Filter>
    </ClInclude>
    <ClInclude Include="includes\rtk_error.h">
      <Filter>Header files</Filter>
    </ClInclude>
    <ClInclude Include="includes\rtk_switch.h">
      <Filter>Header files</Filter>
    </ClInclude>
    <ClInclude Include="includes\rtk_types.h">
      <Filter>Header files</Filter>
    </ClInclude>
    <ClInclude Include="includes\rtl8367c_asicdrv.h">
      <Filter>Header files</Filter>
    </ClInclude>
    <ClInclude Include="includes\rtl8367c_asicdrv_acl.h">
      <Filter>Header files</Filter>
    </ClInclude>
    <ClInclude Include="includes\rtl8367c_asicdrv_cputag.h">
      <Filter>Header files</Filter>
    </ClInclude>
    <ClInclude Include="includes\rtl8367c_asicdrv_dot1x.h">
      <Filter>Header files</Filter>
    </ClInclude>
    <ClInclude Include="includes\rtl8367c_asicdrv_eav.h">
      <Filter>Header files</Filter>
    </ClInclude>
    <ClInclude Include="includes\rtl8367c_asicdrv_eee.h">
      <Filter>Header files</Filter>
    </ClInclude>
    <ClInclude Include="includes\rtl8367c_asicdrv_fc.h">
      <Filter>Header files</Filter>
    </ClInclude>
    <ClInclude Include="includes\rtl8367c_asicdrv_green.h">
      <Filter>Header files</Filter>
    </ClInclude>
    <ClInclude Include="includes\rtl8367c_asicdrv_hsb.h">
      <Filter>Header files</Filter>
    </ClInclude>
    <ClInclude Include="includes\rtl8367c_asicdrv_i2c.h">
      <Filter>Header files</Filter>
    </ClInclude>
    <ClInclude Include="includes\rtl8367c_asicdrv_igmp.h">
      <Filter>Header files</Filter>
    </ClInclude>
    <ClInclude Include="includes\rtl8367c_asicdrv_inbwctrl.h">
      <Filter>Header files</Filter>
    </ClInclude>
    <ClInclude Include="includes\rtl8367c_asicdrv_interrupt.h">
      <Filter>Header files</Filter>
    </ClInclude>
    <ClInclude Include="includes\rtl8367c_asicdrv_led.h">
      <Filter>Header files</Filter>
    </ClInclude>
    <ClInclude Include="includes\rtl8367c_asicdrv_lut.h">
      <Filter>Header files</Filter>
    </ClInclude>
    <ClInclude Include="includes\rtl8367c_asicdrv_meter.h">
      <Filter>Header files</Filter>
    </ClInclude>
    <ClInclude Include="includes\rtl8367c_asicdrv_mib.h">
      <Filter>Header files</Filter>
    </ClInclude>
    <ClInclude Include="includes\rtl8367c_asicdrv_mirror.h">
      <Filter>Header files</Filter>
    </ClInclude>
    <ClInclude Include="includes\rtl8367c_asicdrv_misc.h">
      <Filter>Header files</Filter>
    </ClInclude>
    <ClInclude Include="includes\rtl8367c_asicdrv_oam.h">
      <Filter>Header files</Filter>
    </ClInclude>
    <ClInclude Include="includes\rtl8367c_asicdrv_phy.h">
      <Filter>Header files</Filter>
    </ClInclude>
    <ClInclude Include="includes\rtl8367c_asicdrv_port.h">
      <Filter>Header files</Filter>
    </ClInclude>
    <ClInclude Include="includes\rtl8367c_asicdrv_portIsolation.h">
      <Filter>Header files</Filter>
    </ClInclude>
    <ClInclude Include="includes\rtl8367c_asicdrv_qos.h">
      <Filter>Header files</Filter>
    </ClInclude>
    <ClInclude Include="includes\rtl8367c_asicdrv_rldp.h">
      <Filter>Header files</Filter>
    </ClInclude>
    <ClInclude Include="includes\rtl8367c_asicdrv_rma.h">
      <Filter>Header files</Filter>
    </ClInclude>
    <ClInclude Include="includes\rtl8367c_asicdrv_scheduling.h">
      <Filter>Header files</Filter>
    </ClInclude>
    <ClInclude Include="includes\rtl8367c_asicdrv_storm.h">
      <Filter>Header files</Filter>
    </ClInclude>
    <ClInclude Include="includes\rtl8367c_asicdrv_svlan.h">
      <Filter>Header files</Filter>
    </ClInclude>
    <ClInclude Include="includes\rtl8367c_asicdrv_trunking.h">
      <Filter>Header files</Filter>
    </ClInclude>
    <ClInclude Include="includes\rtl8367c_asicdrv_unknownMulticast.h">
      <Filter>Header files</Filter>
    </ClInclude>
    <ClInclude Include="includes\rtl8367c_asicdrv_vlan.h">
      <Filter>Header files</Filter>
    </ClInclude>
    <ClInclude Include="includes\rtl8367c_base.h">
      <Filter>Header files</Filter>
    </ClInclude>
    <ClInclude Include="includes\rtl8367c_reg.h">
      <Filter>Header files</Filter>
    </ClInclude>
    <ClInclude Include="includes\smi.h">
      <Filter>Header files</Filter>
    </ClInclude>
    <ClInclude Include="includes\stat.h">
      <Filter>Header files</Filter>
    </ClInclude>
    <ClInclude Include="includes\storm.h">
      <Filter>Header files</Filter>
    </ClInclude>
    <ClInclude Include="includes\svlan.h">
      <Filter>Header files</Filter>
    </ClInclude>
    <ClInclude Include="includes\trap.h">
      <Filter>Header files</Filter>
    </ClInclude>
    <ClInclude Include="includes\trunk.h">
      <Filter>Header files</Filter>
    </ClInclude>
    <ClInclude Include="includes\vlan.h">
      <Filter>Header files</Filter>
    </ClInclude>
    <ClInclude Include="iutils\include\readline\chardefs.h">
      <Filter>Header files</Filter>
    </ClInclude>
    <ClInclude Include="iutils\include\readline\history.h">
      <Filter>Header files</Filter>
    </ClInclude>
    <ClInclude Include="iutils\include\readline\keymaps.h">
      <Filter>Header files</Filter>
    </ClInclude>
    <ClInclude Include="iutils\include\readline\readline.h">
      <Filter>Header files</Filter>
    </ClInclude>
    <ClInclude Include="iutils\include\readline\rlconf.h">
      <Filter>Header files</Filter>
    </ClInclude>
    <ClInclude Include="iutils\include\readline\rlstdc.h">
      <Filter>Header files</Filter>
    </ClInclude>
    <ClInclude Include="iutils\include\readline\rltypedefs.h">
      <Filter>Header files</Filter>
    </ClInclude>
    <ClInclude Include="iutils\include\readline\tilde.h">
      <Filter>Header files</Filter>
    </ClInclude>
    <ClInclude Include="iutils\include\iassert.h">
      <Filter>Header files</Filter>
    </ClInclude>
    <ClInclude Include="iutils\include\icall.h">
      <Filter>Header files</Filter>
    </ClInclude>
    <ClInclude Include="iutils\include\icall_ut.h">
      <Filter>Header files</Filter>
    </ClInclude>
    <ClInclude Include="iutils\include\ielf.h">
      <Filter>Header files</Filter>
    </ClInclude>
    <ClInclude Include="iutils\include\ihash.h">
      <Filter>Header files</Filter>
    </ClInclude>
    <ClInclude Include="iutils\include\ilog.h">
      <Filter>Header files</Filter>
    </ClInclude>
    <ClInclude Include="iutils\include\inet.h">
      <Filter>Header files</Filter>
    </ClInclude>
    <ClInclude Include="iutils\include\irpc.h">
      <Filter>Header files</Filter>
    </ClInclude>
    <ClInclude Include="iutils\include\itypes.h">
      <Filter>Header files</Filter>
    </ClInclude>
    <ClInclude Include="iutils\include\iutil.h">
      <Filter>Header files</Filter>
    </ClInclude>
    <ClInclude Include="iutils\include\libvector.h">
      <Filter>Header files</Filter>
    </ClInclude>
    <ClInclude Include="iutils\include\person.h">
      <Filter>Header files</Filter>
    </ClInclude>
    <ClInclude Include="iutils\include\rpc_icall.h">
      <Filter>Header files</Filter>
    </ClInclude>
    <ClInclude Include="json\cJSON.h">
      <Filter>Header files</Filter>
    </ClInclude>
    <ClInclude Include="json\s2j.h">
      <Filter>Header files</Filter>
    </ClInclude>
    <ClInclude Include="json\s2jdef.h">
      <Filter>Header files</Filter>
    </ClInclude>
    <ClInclude Include="lib\rtl8367c\includes\acl.h">
      <Filter>Header files</Filter>
    </ClInclude>
    <ClInclude Include="lib\rtl8367c\includes\cpu.h">
      <Filter>Header files</Filter>
    </ClInclude>
    <ClInclude Include="lib\rtl8367c\includes\dot1x.h">
      <Filter>Header files</Filter>
    </ClInclude>
    <ClInclude Include="lib\rtl8367c\includes\eee.h">
      <Filter>Header files</Filter>
    </ClInclude>
    <ClInclude Include="lib\rtl8367c\includes\i2c.h">
      <Filter>Header files</Filter>
    </ClInclude>
    <ClInclude Include="lib\rtl8367c\includes\igmp.h">
      <Filter>Header files</Filter>
    </ClInclude>
    <ClInclude Include="lib\rtl8367c\includes\interrupt.h">
      <Filter>Header files</Filter>
    </ClInclude>
    <ClInclude Include="lib\rtl8367c\includes\l2.h">
      <Filter>Header files</Filter>
    </ClInclude>
    <ClInclude Include="lib\rtl8367c\includes\leaky.h">
      <Filter>Header files</Filter>
    </ClInclude>
    <ClInclude Include="lib\rtl8367c\includes\led.h">
      <Filter>Header files</Filter>
    </ClInclude>
    <ClInclude Include="lib\rtl8367c\includes\mirror.h">
      <Filter>Header files</Filter>
    </ClInclude>
    <ClInclude Include="lib\rtl8367c\includes\oam.h">
      <Filter>Header files</Filter>
    </ClInclude>
    <ClInclude Include="lib\rtl8367c\includes\port.h">
      <Filter>Header files</Filter>
    </ClInclude>
    <ClInclude Include="lib\rtl8367c\includes\ptp.h">
      <Filter>Header files</Filter>
    </ClInclude>
    <ClInclude Include="lib\rtl8367c\includes\qos.h">
      <Filter>Header files</Filter>
    </ClInclude>
    <ClInclude Include="lib\rtl8367c\includes\rate.h">
      <Filter>Header files</Filter>
    </ClInclude>
    <ClInclude Include="lib\rtl8367c\includes\rldp.h">
      <Filter>Header files</Filter>
    </ClInclude>
    <ClInclude Include="lib\rtl8367c\includes\rtk_error.h">
      <Filter>Header files</Filter>
    </ClInclude>
    <ClInclude Include="lib\rtl8367c\includes\rtk_switch.h">
      <Filter>Header files</Filter>
    </ClInclude>
    <ClInclude Include="lib\rtl8367c\includes\rtk_types.h">
      <Filter>Header files</Filter>
    </ClInclude>
    <ClInclude Include="lib\rtl8367c\includes\rtl8367c_asicdrv.h">
      <Filter>Header files</Filter>
    </ClInclude>
    <ClInclude Include="lib\rtl8367c\includes\rtl8367c_asicdrv_acl.h">
      <Filter>Header files</Filter>
    </ClInclude>
    <ClInclude Include="lib\rtl8367c\includes\rtl8367c_asicdrv_cputag.h">
      <Filter>Header files</Filter>
    </ClInclude>
    <ClInclude Include="lib\rtl8367c\includes\rtl8367c_asicdrv_dot1x.h">
      <Filter>Header files</Filter>
    </ClInclude>
    <ClInclude Include="lib\rtl8367c\includes\rtl8367c_asicdrv_eav.h">
      <Filter>Header files</Filter>
    </ClInclude>
    <ClInclude Include="lib\rtl8367c\includes\rtl8367c_asicdrv_eee.h">
      <Filter>Header files</Filter>
    </ClInclude>
    <ClInclude Include="lib\rtl8367c\includes\rtl8367c_asicdrv_fc.h">
      <Filter>Header files</Filter>
    </ClInclude>
    <ClInclude Include="lib\rtl8367c\includes\rtl8367c_asicdrv_green.h">
      <Filter>Header files</Filter>
    </ClInclude>
    <ClInclude Include="lib\rtl8367c\includes\rtl8367c_asicdrv_hsb.h">
      <Filter>Header files</Filter>
    </ClInclude>
    <ClInclude Include="lib\rtl8367c\includes\rtl8367c_asicdrv_i2c.h">
      <Filter>Header files</Filter>
    </ClInclude>
    <ClInclude Include="lib\rtl8367c\includes\rtl8367c_asicdrv_igmp.h">
      <Filter>Header files</Filter>
    </ClInclude>
    <ClInclude Include="lib\rtl8367c\includes\rtl8367c_asicdrv_inbwctrl.h">
      <Filter>Header files</Filter>
    </ClInclude>
    <ClInclude Include="lib\rtl8367c\includes\rtl8367c_asicdrv_interrupt.h">
      <Filter>Header files</Filter>
    </ClInclude>
    <ClInclude Include="lib\rtl8367c\includes\rtl8367c_asicdrv_led.h">
      <Filter>Header files</Filter>
    </ClInclude>
    <ClInclude Include="lib\rtl8367c\includes\rtl8367c_asicdrv_lut.h">
      <Filter>Header files</Filter>
    </ClInclude>
    <ClInclude Include="lib\rtl8367c\includes\rtl8367c_asicdrv_meter.h">
      <Filter>Header files</Filter>
    </ClInclude>
    <ClInclude Include="lib\rtl8367c\includes\rtl8367c_asicdrv_mib.h">
      <Filter>Header files</Filter>
    </ClInclude>
    <ClInclude Include="lib\rtl8367c\includes\rtl8367c_asicdrv_mirror.h">
      <Filter>Header files</Filter>
    </ClInclude>
    <ClInclude Include="lib\rtl8367c\includes\rtl8367c_asicdrv_misc.h">
      <Filter>Header files</Filter>
    </ClInclude>
    <ClInclude Include="lib\rtl8367c\includes\rtl8367c_asicdrv_oam.h">
      <Filter>Header files</Filter>
    </ClInclude>
    <ClInclude Include="lib\rtl8367c\includes\rtl8367c_asicdrv_phy.h">
      <Filter>Header files</Filter>
    </ClInclude>
    <ClInclude Include="lib\rtl8367c\includes\rtl8367c_asicdrv_port.h">
      <Filter>Header files</Filter>
    </ClInclude>
    <ClInclude Include="lib\rtl8367c\includes\rtl8367c_asicdrv_portIsolation.h">
      <Filter>Header files</Filter>
    </ClInclude>
    <ClInclude Include="lib\rtl8367c\includes\rtl8367c_asicdrv_qos.h">
      <Filter>Header files</Filter>
    </ClInclude>
    <ClInclude Include="lib\rtl8367c\includes\rtl8367c_asicdrv_rldp.h">
      <Filter>Header files</Filter>
    </ClInclude>
    <ClInclude Include="lib\rtl8367c\includes\rtl8367c_asicdrv_rma.h">
      <Filter>Header files</Filter>
    </ClInclude>
    <ClInclude Include="lib\rtl8367c\includes\rtl8367c_asicdrv_scheduling.h">
      <Filter>Header files</Filter>
    </ClInclude>
    <ClInclude Include="lib\rtl8367c\includes\rtl8367c_asicdrv_storm.h">
      <Filter>Header files</Filter>
    </ClInclude>
    <ClInclude Include="lib\rtl8367c\includes\rtl8367c_asicdrv_svlan.h">
      <Filter>Header files</Filter>
    </ClInclude>
    <ClInclude Include="lib\rtl8367c\includes\rtl8367c_asicdrv_trunking.h">
      <Filter>Header files</Filter>
    </ClInclude>
    <ClInclude Include="lib\rtl8367c\includes\rtl8367c_asicdrv_unknownMulticast.h">
      <Filter>Header files</Filter>
    </ClInclude>
    <ClInclude Include="lib\rtl8367c\includes\rtl8367c_asicdrv_vlan.h">
      <Filter>Header files</Filter>
    </ClInclude>
    <ClInclude Include="lib\rtl8367c\includes\rtl8367c_base.h">
      <Filter>Header files</Filter>
    </ClInclude>
    <ClInclude Include="lib\rtl8367c\includes\rtl8367c_reg.h">
      <Filter>Header files</Filter>
    </ClInclude>
    <ClInclude Include="lib\rtl8367c\includes\smi.h">
      <Filter>Header files</Filter>
    </ClInclude>
    <ClInclude Include="lib\rtl8367c\includes\stat.h">
      <Filter>Header files</Filter>
    </ClInclude>
    <ClInclude Include="lib\rtl8367c\includes\storm.h">
      <Filter>Header files</Filter>
    </ClInclude>
    <ClInclude Include="lib\rtl8367c\includes\svlan.h">
      <Filter>Header files</Filter>
    </ClInclude>
    <ClInclude Include="lib\rtl8367c\includes\trap.h">
      <Filter>Header files</Filter>
    </ClInclude>
    <ClInclude Include="lib\rtl8367c\includes\trunk.h">
      <Filter>Header files</Filter>
    </ClInclude>
    <ClInclude Include="lib\rtl8367c\includes\vlan.h">
      <Filter>Header files</Filter>
    </ClInclude>
    <ClInclude Include="lib\rtl8367c\acl.h">
      <Filter>Header files</Filter>
    </ClInclude>
    <ClInclude Include="lib\rtl8367c\cpu.h">
      <Filter>Header files</Filter>
    </ClInclude>
    <ClInclude Include="lib\rtl8367c\dot1x.h">
      <Filter>Header files</Filter>
    </ClInclude>
    <ClInclude Include="lib\rtl8367c\eee.h">
      <Filter>Header files</Filter>
    </ClInclude>
    <ClInclude Include="lib\rtl8367c\i2c.h">
      <Filter>Header files</Filter>
    </ClInclude>
    <ClInclude Include="lib\rtl8367c\igmp.h">
      <Filter>Header files</Filter>
    </ClInclude>
    <ClInclude Include="lib\rtl8367c\interrupt.h">
      <Filter>Header files</Filter>
    </ClInclude>
    <ClInclude Include="lib\rtl8367c\l2.h">
      <Filter>Header files</Filter>
    </ClInclude>
    <ClInclude Include="lib\rtl8367c\leaky.h">
      <Filter>Header files</Filter>
    </ClInclude>
    <ClInclude Include="lib\rtl8367c\led.h">
      <Filter>Header files</Filter>
    </ClInclude>
    <ClInclude Include="lib\rtl8367c\mirror.h">
      <Filter>Header files</Filter>
    </ClInclude>
    <ClInclude Include="lib\rtl8367c\oam.h">
      <Filter>Header files</Filter>
    </ClInclude>
    <ClInclude Include="lib\rtl8367c\port.h">
      <Filter>Header files</Filter>
    </ClInclude>
    <ClInclude Include="lib\rtl8367c\ptp.h">
      <Filter>Header files</Filter>
    </ClInclude>
    <ClInclude Include="lib\rtl8367c\qos.h">
      <Filter>Header files</Filter>
    </ClInclude>
    <ClInclude Include="lib\rtl8367c\rate.h">
      <Filter>Header files</Filter>
    </ClInclude>
    <ClInclude Include="lib\rtl8367c\rldp.h">
      <Filter>Header files</Filter>
    </ClInclude>
    <ClInclude Include="lib\rtl8367c\rtk_error.h">
      <Filter>Header files</Filter>
    </ClInclude>
    <ClInclude Include="lib\rtl8367c\rtk_switch.h">
      <Filter>Header files</Filter>
    </ClInclude>
    <ClInclude Include="lib\rtl8367c\rtk_types.h">
      <Filter>Header files</Filter>
    </ClInclude>
    <ClInclude Include="lib\rtl8367c\rtl8367c_asicdrv.h">
      <Filter>Header files</Filter>
    </ClInclude>
    <ClInclude Include="lib\rtl8367c\rtl8367c_asicdrv_acl.h">
      <Filter>Header files</Filter>
    </ClInclude>
    <ClInclude Include="lib\rtl8367c\rtl8367c_asicdrv_cputag.h">
      <Filter>Header files</Filter>
    </ClInclude>
    <ClInclude Include="lib\rtl8367c\rtl8367c_asicdrv_dot1x.h">
      <Filter>Header files</Filter>
    </ClInclude>
    <ClInclude Include="lib\rtl8367c\rtl8367c_asicdrv_eav.h">
      <Filter>Header files</Filter>
    </ClInclude>
    <ClInclude Include="lib\rtl8367c\rtl8367c_asicdrv_eee.h">
      <Filter>Header files</Filter>
    </ClInclude>
    <ClInclude Include="lib\rtl8367c\rtl8367c_asicdrv_fc.h">
      <Filter>Header files</Filter>
    </ClInclude>
    <ClInclude Include="lib\rtl8367c\rtl8367c_asicdrv_green.h">
      <Filter>Header files</Filter>
    </ClInclude>
    <ClInclude Include="lib\rtl8367c\rtl8367c_asicdrv_hsb.h">
      <Filter>Header files</Filter>
    </ClInclude>
    <ClInclude Include="lib\rtl8367c\rtl8367c_asicdrv_i2c.h">
      <Filter>Header files</Filter>
    </ClInclude>
    <ClInclude Include="lib\rtl8367c\rtl8367c_asicdrv_igmp.h">
      <Filter>Header files</Filter>
    </ClInclude>
    <ClInclude Include="lib\rtl8367c\rtl8367c_asicdrv_inbwctrl.h">
      <Filter>Header files</Filter>
    </ClInclude>
    <ClInclude Include="lib\rtl8367c\rtl8367c_asicdrv_interrupt.h">
      <Filter>Header files</Filter>
    </ClInclude>
    <ClInclude Include="lib\rtl8367c\rtl8367c_asicdrv_led.h">
      <Filter>Header files</Filter>
    </ClInclude>
    <ClInclude Include="lib\rtl8367c\rtl8367c_asicdrv_lut.h">
      <Filter>Header files</Filter>
    </ClInclude>
    <ClInclude Include="lib\rtl8367c\rtl8367c_asicdrv_meter.h">
      <Filter>Header files</Filter>
    </ClInclude>
    <ClInclude Include="lib\rtl8367c\rtl8367c_asicdrv_mib.h">
      <Filter>Header files</Filter>
    </ClInclude>
    <ClInclude Include="lib\rtl8367c\rtl8367c_asicdrv_mirror.h">
      <Filter>Header files</Filter>
    </ClInclude>
    <ClInclude Include="lib\rtl8367c\rtl8367c_asicdrv_misc.h">
      <Filter>Header files</Filter>
    </ClInclude>
    <ClInclude Include="lib\rtl8367c\rtl8367c_asicdrv_oam.h">
      <Filter>Header files</Filter>
    </ClInclude>
    <ClInclude Include="lib\rtl8367c\rtl8367c_asicdrv_phy.h">
      <Filter>Header files</Filter>
    </ClInclude>
    <ClInclude Include="lib\rtl8367c\rtl8367c_asicdrv_port.h">
      <Filter>Header files</Filter>
    </ClInclude>
    <ClInclude Include="lib\rtl8367c\rtl8367c_asicdrv_portIsolation.h">
      <Filter>Header files</Filter>
    </ClInclude>
    <ClInclude Include="lib\rtl8367c\rtl8367c_asicdrv_qos.h">
      <Filter>Header files</Filter>
    </ClInclude>
    <ClInclude Include="lib\rtl8367c\rtl8367c_asicdrv_rldp.h">
      <Filter>Header files</Filter>
    </ClInclude>
    <ClInclude Include="lib\rtl8367c\rtl8367c_asicdrv_rma.h">
      <Filter>Header files</Filter>
    </ClInclude>
    <ClInclude Include="lib\rtl8367c\rtl8367c_asicdrv_scheduling.h">
      <Filter>Header files</Filter>
    </ClInclude>
    <ClInclude Include="lib\rtl8367c\rtl8367c_asicdrv_storm.h">
      <Filter>Header files</Filter>
    </ClInclude>
    <ClInclude Include="lib\rtl8367c\rtl8367c_asicdrv_svlan.h">
      <Filter>Header files</Filter>
    </ClInclude>
    <ClInclude Include="lib\rtl8367c\rtl8367c_asicdrv_trunking.h">
      <Filter>Header files</Filter>
    </ClInclude>
    <ClInclude Include="lib\rtl8367c\rtl8367c_asicdrv_unknownMulticast.h">
      <Filter>Header files</Filter>
    </ClInclude>
    <ClInclude Include="lib\rtl8367c\rtl8367c_asicdrv_vlan.h">
      <Filter>Header files</Filter>
    </ClInclude>
    <ClInclude Include="lib\rtl8367c\rtl8367c_base.h">
      <Filter>Header files</Filter>
    </ClInclude>
    <ClInclude Include="lib\rtl8367c\rtl8367c_reg.h">
      <Filter>Header files</Filter>
    </ClInclude>
    <ClInclude Include="lib\rtl8367c\smi.h">
      <Filter>Header files</Filter>
    </ClInclude>
    <ClInclude Include="lib\rtl8367c\stat.h">
      <Filter>Header files</Filter>
    </ClInclude>
    <ClInclude Include="lib\rtl8367c\storm.h">
      <Filter>Header files</Filter>
    </ClInclude>
    <ClInclude Include="lib\rtl8367c\svlan.h">
      <Filter>Header files</Filter>
    </ClInclude>
    <ClInclude Include="lib\rtl8367c\trap.h">
      <Filter>Header files</Filter>
    </ClInclude>
    <ClInclude Include="lib\rtl8367c\trunk.h">
      <Filter>Header files</Filter>
    </ClInclude>
    <ClInclude Include="lib\rtl8367c\vlan.h">
      <Filter>Header files</Filter>
    </ClInclude>
  </ItemGroup>
  <ItemGroup>
    <None Include="Makefile" />
  </ItemGroup>
</Project>